
Microsoft Visual Studio Solution File, Format Version 12.00
# Visual Studio Version 16
VisualStudioVersion = 16.0.29123.88
MinimumVisualStudioVersion = 10.0.40219.1
Project("{FAE04EC0-301F-11D3-BF4B-00C04F79EFBC}") = "pe4", "pe4.csproj", "{757C7659-7343-4E4D-A101-3CAE9F0341C7}"
EndProject
Global
	GlobalSection(SolutionConfigurationPlatforms) = preSolution
		Debug|Any CPU = Debug|Any CPU
		Release|Any CPU = Release|Any CPU
	EndGlobalSection
	GlobalSection(ProjectConfigurationPlatforms) = postSolution
		{757C7659-7343-4E4D-A101-3CAE9F0341C7}.Debug|Any CPU.ActiveCfg = Debug|Any CPU
		{757C7659-7343-4E4D-A101-3CAE9F0341C7}.Debug|Any CPU.Build.0 = Debug|Any CPU
		{757C7659-7343-4E4D-A101-3CAE9F0341C7}.Release|Any CPU.ActiveCfg = Release|Any CPU
		{757C7659-7343-4E4D-A101-3CAE9F0341C7}.Release|Any CPU.Build.0 = Release|Any CPU
	EndGlobalSection
	GlobalSection(SolutionProperties) = preSolution
		HideSolutionNode = FALSE
	EndGlobalSection
	GlobalSection(ExtensibilityGlobals) = postSolution
		SolutionGuid = {77AE38FD-E391-4A10-80B5-7B63729CCD8E}
	EndGlobalSection
EndGlobal
